{
  "name": "com.gruijter.netgear",
  "version": "2.5.6",
  "lockfileVersion": 1,
  "requires": true,
  "dependencies": {
    "fixture-stdout": {
      "version": "0.2.1",
      "resolved": "https://registry.npmjs.org/fixture-stdout/-/fixture-stdout-0.2.1.tgz",
      "integrity": "sha1-C3lmU1q4fPA/jcvvq9rD7/4ZWiQ="
    },
    "getipintel": {
      "version": "1.0.2",
      "resolved": "https://registry.npmjs.org/getipintel/-/getipintel-1.0.2.tgz",
      "integrity": "sha512-EvO12BFgOd40OFowstIXAMkYETIyVKCQqQeJJCHgo8tpWnF1pcsKkIOAXnfpkeBoMUGgEreIbyG9ICtENCzudQ=="
    },
    "netgear": {
      "version": "3.9.5",
      "resolved": "https://registry.npmjs.org/netgear/-/netgear-3.9.5.tgz",
      "integrity": "sha512-1eSwlZMpqbc41kWJ5+MKj4AN4kvERnghvGRCadGNj/4B3oFenJ8vd+RvYh22yXszetzsPskHAJtm89ms9fjpLg==",
      "requires": {
        "xml-js": "^1.6.11"
      }
    },
    "sax": {
      "version": "1.2.4",
      "resolved": "https://registry.npmjs.org/sax/-/sax-1.2.4.tgz",
      "integrity": "sha512-NqVDv9TpANUjFm0N8uM5GxL36UgKi9/atZw+x7YFnQ8ckwFGKrl4xX4yWtrey3UJm5nP1kUbnYgLopqWNSRhWw=="
    },
    "xml-js": {
      "version": "1.6.11",
      "resolved": "https://registry.npmjs.org/xml-js/-/xml-js-1.6.11.tgz",
      "integrity": "sha512-7rVi2KMfwfWFl+GpPg6m80IVMWXLRjO+PxTq7V2CDhoGak0wzYzFgUY2m4XJ47OGdXd8eLE8EmwfAmdjw7lC1g==",
      "requires": {
        "sax": "^1.2.4"
      }
    }
  }
}
