{
  "requires": true,
  "lockfileVersion": 1,
  "dependencies": {
    "fixture-stdout": {
      "version": "0.2.1",
      "resolved": "https://registry.npmjs.org/fixture-stdout/-/fixture-stdout-0.2.1.tgz",
      "integrity": "sha1-C3lmU1q4fPA/jcvvq9rD7/4ZWiQ="
    },
    "netgear": {
      "version": "3.3.5",
      "resolved": "https://registry.npmjs.org/netgear/-/netgear-3.3.5.tgz",
      "integrity": "sha512-nvgSbpNW6n21UA/0uEstQoNlPTADkWvYyiJGdGt8EicfwMqxRPTdH/vo0wpriXSJZwP+QaOZ/ubcG16+9PAhSA==",
      "requires": {
        "xml-js": "^1.6.9"
      }
    },
    "xml-js": {
      "version": "1.6.9",
      "resolved": "https://registry.npmjs.org/xml-js/-/xml-js-1.6.9.tgz",
      "integrity": "sha512-Omi8lVfq3q3H0xnGcZKLQhoiOghTGN1xxfabah4FybYN1pyvUzh1X+cJ+vKKY3Zr255y1H5IUAT3u3lznshdbw==",
      "requires": {
        "sax": "^1.2.4"
      },
      "dependencies": {
        "sax": {
          "version": "1.2.4",
          "resolved": "https://registry.npmjs.org/sax/-/sax-1.2.4.tgz",
          "integrity": "sha512-NqVDv9TpANUjFm0N8uM5GxL36UgKi9/atZw+x7YFnQ8ckwFGKrl4xX4yWtrey3UJm5nP1kUbnYgLopqWNSRhWw=="
        }
      }
    }
  }
}
