{
  "requires": true,
  "lockfileVersion": 1,
  "dependencies": {
    "fixture-stdout": {
      "version": "0.2.1",
      "resolved": "https://registry.npmjs.org/fixture-stdout/-/fixture-stdout-0.2.1.tgz",
      "integrity": "sha1-C3lmU1q4fPA/jcvvq9rD7/4ZWiQ="
    },
    "netgear": {
      "version": "3.0.1",
      "resolved": "https://registry.npmjs.org/netgear/-/netgear-3.0.1.tgz",
      "integrity": "sha512-IJuXiRP17YC1iyQal0IM6dXikZEOFU9mNdAu4N8zdi3l6keZSLOpEQsFxaj9J/xA1Kl8GCBuLmP11GqQEQ7Htw==",
      "requires": {
        "xml-js": "^1.6.8"
      },
      "dependencies": {
        "xml-js": {
          "version": "1.6.8",
          "resolved": "https://registry.npmjs.org/xml-js/-/xml-js-1.6.8.tgz",
          "integrity": "sha512-kUv/geyN80d+s1T68uBfjoz+PjNUjwwf5AWWRwKRqqQaGozpMVsFsKYnenPsxlbN/VL7f0ia8NfLLPCDwX+95Q==",
          "requires": {
            "sax": "^1.2.4"
          }
        }
      }
    },
    "sax": {
      "version": "1.2.4",
      "resolved": "https://registry.npmjs.org/sax/-/sax-1.2.4.tgz",
      "integrity": "sha512-NqVDv9TpANUjFm0N8uM5GxL36UgKi9/atZw+x7YFnQ8ckwFGKrl4xX4yWtrey3UJm5nP1kUbnYgLopqWNSRhWw=="
    }
  }
}
